
Microsoft Visual Studio Solution File, Format Version 12.00
# Visual Studio Version 17
VisualStudioVersion = 17.14.36109.1
MinimumVisualStudioVersion = 10.0.40219.1
Project("{FAE04EC0-301F-11D3-BF4B-00C04F79EFBC}") = "DevCard_MVC", "DevCard_MVC\DevCard_MVC.csproj", "{4536D66F-B934-4EE4-9596-FDDDB33B486D}"
EndProject
Global
	GlobalSection(SolutionConfigurationPlatforms) = preSolution
		Debug|Any CPU = Debug|Any CPU
		Release|Any CPU = Release|Any CPU
	EndGlobalSection
	GlobalSection(ProjectConfigurationPlatforms) = postSolution
		{4536D66F-B934-4EE4-9596-FDDDB33B486D}.Debug|Any CPU.ActiveCfg = Debug|Any CPU
		{4536D66F-B934-4EE4-9596-FDDDB33B486D}.Debug|Any CPU.Build.0 = Debug|Any CPU
		{4536D66F-B934-4EE4-9596-FDDDB33B486D}.Release|Any CPU.ActiveCfg = Release|Any CPU
		{4536D66F-B934-4EE4-9596-FDDDB33B486D}.Release|Any CPU.Build.0 = Release|Any CPU
	EndGlobalSection
	GlobalSection(SolutionProperties) = preSolution
		HideSolutionNode = FALSE
	EndGlobalSection
	GlobalSection(ExtensibilityGlobals) = postSolution
		SolutionGuid = {18139742-C981-4A31-A2F7-0520670DE2B6}
	EndGlobalSection
EndGlobal
